
Microsoft Visual Studio Solution File, Format Version 12.00
# Visual Studio Version 17
VisualStudioVersion = 17.0.32112.339
MinimumVisualStudioVersion = 10.0.40219.1
Project("{9A19103F-16F7-4668-BE54-9A1E7A4F7556}") = "BankAccounts.Domain", "src\Domain\BankAccounts.Domain\BankAccounts.Domain.csproj", "{092DAF55-2F05-41AE-8154-25CB831E1975}"
EndProject
Project("{2150E333-8FDC-42A3-9474-1A3956D46DE8}") = "src", "src", "{2DB04E75-8F34-45B5-8E25-58F4F912890E}"
EndProject
Project("{2150E333-8FDC-42A3-9474-1A3956D46DE8}") = "tests", "tests", "{8B06AD73-DD1A-4A06-8453-1E3ABE47C48C}"
EndProject
Project("{9A19103F-16F7-4668-BE54-9A1E7A4F7556}") = "BankAccounts.Domain.UnitTests", "tests\BankAccounts.Domain.UnitTests\BankAccounts.Domain.UnitTests.csproj", "{0BDAB621-572A-4759-9B15-A8AC8AB65D71}"
EndProject
Project("{9A19103F-16F7-4668-BE54-9A1E7A4F7556}") = "BankAccounts.Application", "src\Application\BankAccounts.Application\BankAccounts.Application.csproj", "{C962B9CF-F9C3-474A-AA80-F9E978090603}"
EndProject
Project("{9A19103F-16F7-4668-BE54-9A1E7A4F7556}") = "BankAccounts.UseCases.Tests", "tests\BankAccounts.UseCases.Tests\BankAccounts.UseCases.Tests.csproj", "{8880A88D-2927-4CD2-A149-00921A9E16E3}"
EndProject
Project("{9A19103F-16F7-4668-BE54-9A1E7A4F7556}") = "BankAccounts.Infrastructure", "src\Infrastructure\BankAccounts.Infrastructure\BankAccounts.Infrastructure.csproj", "{2CD0F688-D454-4059-8D18-70A0E2617B28}"
EndProject
Project("{FAE04EC0-301F-11D3-BF4B-00C04F79EFBC}") = "BankAccounts.Api", "src\Api\BankAccounts.Api\BankAccounts.Api.csproj", "{5459B377-532B-45B9-ACBF-CA0FD9FED4F2}"
EndProject
Global
	GlobalSection(SolutionConfigurationPlatforms) = preSolution
		Debug|Any CPU = Debug|Any CPU
		Release|Any CPU = Release|Any CPU
	EndGlobalSection
	GlobalSection(ProjectConfigurationPlatforms) = postSolution
		{092DAF55-2F05-41AE-8154-25CB831E1975}.Debug|Any CPU.ActiveCfg = Debug|Any CPU
		{092DAF55-2F05-41AE-8154-25CB831E1975}.Debug|Any CPU.Build.0 = Debug|Any CPU
		{092DAF55-2F05-41AE-8154-25CB831E1975}.Release|Any CPU.ActiveCfg = Release|Any CPU
		{092DAF55-2F05-41AE-8154-25CB831E1975}.Release|Any CPU.Build.0 = Release|Any CPU
		{0BDAB621-572A-4759-9B15-A8AC8AB65D71}.Debug|Any CPU.ActiveCfg = Debug|Any CPU
		{0BDAB621-572A-4759-9B15-A8AC8AB65D71}.Debug|Any CPU.Build.0 = Debug|Any CPU
		{0BDAB621-572A-4759-9B15-A8AC8AB65D71}.Release|Any CPU.ActiveCfg = Release|Any CPU
		{0BDAB621-572A-4759-9B15-A8AC8AB65D71}.Release|Any CPU.Build.0 = Release|Any CPU
		{C962B9CF-F9C3-474A-AA80-F9E978090603}.Debug|Any CPU.ActiveCfg = Debug|Any CPU
		{C962B9CF-F9C3-474A-AA80-F9E978090603}.Debug|Any CPU.Build.0 = Debug|Any CPU
		{C962B9CF-F9C3-474A-AA80-F9E978090603}.Release|Any CPU.ActiveCfg = Release|Any CPU
		{C962B9CF-F9C3-474A-AA80-F9E978090603}.Release|Any CPU.Build.0 = Release|Any CPU
		{8880A88D-2927-4CD2-A149-00921A9E16E3}.Debug|Any CPU.ActiveCfg = Debug|Any CPU
		{8880A88D-2927-4CD2-A149-00921A9E16E3}.Debug|Any CPU.Build.0 = Debug|Any CPU
		{8880A88D-2927-4CD2-A149-00921A9E16E3}.Release|Any CPU.ActiveCfg = Release|Any CPU
		{8880A88D-2927-4CD2-A149-00921A9E16E3}.Release|Any CPU.Build.0 = Release|Any CPU
		{2CD0F688-D454-4059-8D18-70A0E2617B28}.Debug|Any CPU.ActiveCfg = Debug|Any CPU
		{2CD0F688-D454-4059-8D18-70A0E2617B28}.Debug|Any CPU.Build.0 = Debug|Any CPU
		{2CD0F688-D454-4059-8D18-70A0E2617B28}.Release|Any CPU.ActiveCfg = Release|Any CPU
		{2CD0F688-D454-4059-8D18-70A0E2617B28}.Release|Any CPU.Build.0 = Release|Any CPU
		{5459B377-532B-45B9-ACBF-CA0FD9FED4F2}.Debug|Any CPU.ActiveCfg = Debug|Any CPU
		{5459B377-532B-45B9-ACBF-CA0FD9FED4F2}.Debug|Any CPU.Build.0 = Debug|Any CPU
		{5459B377-532B-45B9-ACBF-CA0FD9FED4F2}.Release|Any CPU.ActiveCfg = Release|Any CPU
		{5459B377-532B-45B9-ACBF-CA0FD9FED4F2}.Release|Any CPU.Build.0 = Release|Any CPU
	EndGlobalSection
	GlobalSection(SolutionProperties) = preSolution
		HideSolutionNode = FALSE
	EndGlobalSection
	GlobalSection(NestedProjects) = preSolution
		{092DAF55-2F05-41AE-8154-25CB831E1975} = {2DB04E75-8F34-45B5-8E25-58F4F912890E}
		{0BDAB621-572A-4759-9B15-A8AC8AB65D71} = {8B06AD73-DD1A-4A06-8453-1E3ABE47C48C}
		{C962B9CF-F9C3-474A-AA80-F9E978090603} = {2DB04E75-8F34-45B5-8E25-58F4F912890E}
		{8880A88D-2927-4CD2-A149-00921A9E16E3} = {8B06AD73-DD1A-4A06-8453-1E3ABE47C48C}
		{2CD0F688-D454-4059-8D18-70A0E2617B28} = {2DB04E75-8F34-45B5-8E25-58F4F912890E}
		{5459B377-532B-45B9-ACBF-CA0FD9FED4F2} = {2DB04E75-8F34-45B5-8E25-58F4F912890E}
	EndGlobalSection
	GlobalSection(ExtensibilityGlobals) = postSolution
		SolutionGuid = {634FC0D3-1D93-4508-AE48-505CFAD5D10C}
	EndGlobalSection
EndGlobal
