
Microsoft Visual Studio Solution File, Format Version 12.00
# Visual Studio Version 17
VisualStudioVersion = 17.5.33502.453
MinimumVisualStudioVersion = 10.0.40219.1
Project("{9A19103F-16F7-4668-BE54-9A1E7A4F7556}") = "SharedKernel.Domain", "src\Domain\SharedKernel.Domain.csproj", "{A52EFD8D-C79D-4416-B9D1-A6408B3B1207}"
EndProject
Project("{9A19103F-16F7-4668-BE54-9A1E7A4F7556}") = "SharedKernel.Application", "src\Application\SharedKernel.Application.csproj", "{942DDCB2-2F2E-46A8-827C-4B0F585032F2}"
EndProject
Project("{9A19103F-16F7-4668-BE54-9A1E7A4F7556}") = "SharedKernel.Infrastructure", "src\Infrastructure\SharedKernel.Infrastructure.csproj", "{235B187E-0E54-4A3C-A52D-F503FBC02856}"
EndProject
Project("{2150E333-8FDC-42A3-9474-1A3956D46DE8}") = "src", "src", "{9FF73358-40B0-4081-A499-4351F71833C3}"
EndProject
Project("{9A19103F-16F7-4668-BE54-9A1E7A4F7556}") = "SharedKernel.Api", "src\Api\SharedKernel.Api.csproj", "{2AFA1B22-DA17-4956-89AF-8DECF8FC7DE4}"
EndProject
Project("{9A19103F-16F7-4668-BE54-9A1E7A4F7556}") = "SharedKernel.Api.Gateway", "src\Api.Gateway\SharedKernel.Api.Gateway.csproj", "{C9E33393-9644-427F-8F99-A353A0166A50}"
EndProject
Project("{2150E333-8FDC-42A3-9474-1A3956D46DE8}") = "tests", "tests", "{35E22E6B-BA49-41BA-88C4-E2E04BB7F9E1}"
EndProject
Project("{9A19103F-16F7-4668-BE54-9A1E7A4F7556}") = "SharedKernel.Domain.Tests", "test\Domain\SharedKernel.Domain.Tests.csproj", "{B20771D5-CD79-4D37-BBE2-5DDCED05223C}"
EndProject
Project("{9A19103F-16F7-4668-BE54-9A1E7A4F7556}") = "SharedKernel.Application.Tests", "test\Application\SharedKernel.Application.Tests.csproj", "{051E1F4C-2B92-455E-8562-5A6270ECE802}"
EndProject
Project("{2150E333-8FDC-42A3-9474-1A3956D46DE8}") = "BankAccounts", "BankAccounts", "{5F711220-F1FD-4AE1-B001-CDF06867A519}"
EndProject
Project("{2150E333-8FDC-42A3-9474-1A3956D46DE8}") = "src", "src", "{232B36AD-6290-466E-A96B-932E3F1EB3FA}"
EndProject
Project("{2150E333-8FDC-42A3-9474-1A3956D46DE8}") = "tests", "tests", "{EE9B9492-1627-4F9A-98CB-B308C0F6B50C}"
EndProject
Project("{9A19103F-16F7-4668-BE54-9A1E7A4F7556}") = "BankAccounts.Domain", "samples\BankAccounts\src\Domain\BankAccounts.Domain.csproj", "{C58DDE26-1B44-4A91-ADF4-2701E6177F9B}"
EndProject
Project("{9A19103F-16F7-4668-BE54-9A1E7A4F7556}") = "BankAccounts.Application", "samples\BankAccounts\src\Application\BankAccounts.Application.csproj", "{1BC0486C-5814-4CA9-84E7-800024943C6D}"
EndProject
Project("{9A19103F-16F7-4668-BE54-9A1E7A4F7556}") = "BankAccounts.Infrastructure", "samples\BankAccounts\src\Infrastructure\BankAccounts.Infrastructure.csproj", "{F506F875-FD17-4FC0-AA53-9DC22B3F90CE}"
EndProject
Project("{9A19103F-16F7-4668-BE54-9A1E7A4F7556}") = "BankAccounts.Api", "samples\BankAccounts\src\Api\BankAccounts.Api.csproj", "{1F5EB668-B694-4840-8EB6-BC519F9D8B9B}"
EndProject
Project("{9A19103F-16F7-4668-BE54-9A1E7A4F7556}") = "BankAccounts.Domain.Tests", "samples\BankAccounts\tests\BankAccounts.Domain.UnitTests\BankAccounts.Domain.Tests.csproj", "{144E84C4-2C1D-4566-A864-9EAE2CDA21AE}"
EndProject
Project("{9A19103F-16F7-4668-BE54-9A1E7A4F7556}") = "BankAccounts.Acceptance.Tests", "samples\BankAccounts\tests\BankAccounts.Acceptance.Tests\BankAccounts.Acceptance.Tests.csproj", "{C69925A7-2893-427E-963F-CF7270510293}"
EndProject
Project("{9A19103F-16F7-4668-BE54-9A1E7A4F7556}") = "BankAccounts.UseCases.Tests", "samples\BankAccounts\tests\BankAccounts.UseCases.Tests\BankAccounts.UseCases.Tests.csproj", "{D91ABF99-7782-4080-8537-219621D6256B}"
EndProject
Project("{9A19103F-16F7-4668-BE54-9A1E7A4F7556}") = "SharedKernel.Integration.Tests", "test\Infrastructure\SharedKernel.Integration.Tests.csproj", "{258D2AD8-57DC-432C-BE5E-5524AB6661D2}"
EndProject
Project("{9A19103F-16F7-4668-BE54-9A1E7A4F7556}") = "SharedKernel.Testing", "src\Testing\SharedKernel.Testing.csproj", "{6852ED51-34E0-4CB6-9480-1D156BC7D301}"
EndProject
Project("{E53339B2-1760-4266-BCC7-CA923CBCF16C}") = "docker-compose", "docker-compose.dcproj", "{529902C5-0A36-4EAF-A65C-3238A8DCECC4}"
EndProject
Project("{9A19103F-16F7-4668-BE54-9A1E7A4F7556}") = "SharedKernel.Infrastructure.Reporting", "src\Infrastructure.Reporting\SharedKernel.Infrastructure.Reporting.csproj", "{E1893180-C247-4BA4-883E-550A2A5ABC8E}"
EndProject
Project("{9A19103F-16F7-4668-BE54-9A1E7A4F7556}") = "SharedKernel.Infrastructure.Redis", "src\Infrastructure.Redis\SharedKernel.Infrastructure.Redis.csproj", "{11B5BFB7-737C-4D68-9404-711A0DD22D06}"
EndProject
Project("{9A19103F-16F7-4668-BE54-9A1E7A4F7556}") = "SharedKernel.Infrastructure.Elasticsearch", "src\Infrastructure.Elasticsearch\SharedKernel.Infrastructure.Elasticsearch.csproj", "{BC1C01B4-7949-4326-BB4F-C3537B094AB1}"
EndProject
Project("{9A19103F-16F7-4668-BE54-9A1E7A4F7556}") = "SharedKernel.Infrastructure.Mongo", "src\Infrastructure.Mongo\SharedKernel.Infrastructure.Mongo.csproj", "{474562F4-ED3B-4D96-AD34-7C8DFB5D0DBD}"
EndProject
Project("{9A19103F-16F7-4668-BE54-9A1E7A4F7556}") = "SharedKernel.Infrastructure.RabbitMq", "src\Infrastructure.RabbitMq\SharedKernel.Infrastructure.RabbitMq.csproj", "{D326684F-7134-4756-97ED-224CE68F3355}"
EndProject
Project("{9A19103F-16F7-4668-BE54-9A1E7A4F7556}") = "SharedKernel.Infrastructure.ActiveMq", "src\Infrastructure.ActiveMq\SharedKernel.Infrastructure.ActiveMq.csproj", "{C54F8A46-A7EA-4A90-8BA3-489B65B90091}"
EndProject
Project("{9A19103F-16F7-4668-BE54-9A1E7A4F7556}") = "SharedKernel.Infrastructure.AsyncKeyedLock", "src\Infrastructure.AsyncKeyedLock\SharedKernel.Infrastructure.AsyncKeyedLock.csproj", "{7E375B43-720E-4C8A-B7CB-D693512F9150}"
EndProject
Project("{9A19103F-16F7-4668-BE54-9A1E7A4F7556}") = "SharedKernel.Infrastructure.AutoMapper", "src\Infrastructure.AutoMapper\SharedKernel.Infrastructure.AutoMapper.csproj", "{A5287878-F217-481D-8C2E-011A962B888E}"
EndProject
Project("{9A19103F-16F7-4668-BE54-9A1E7A4F7556}") = "SharedKernel.Infrastructure.Polly", "src\Infrastructure.Polly\SharedKernel.Infrastructure.Polly.csproj", "{0EE7FDF4-083B-4AB3-A9CC-45144D5EF528}"
EndProject
Project("{9A19103F-16F7-4668-BE54-9A1E7A4F7556}") = "SharedKernel.Infrastructure.Newtonsoft", "src\Infrastructure.Newtonsoft\SharedKernel.Infrastructure.Newtonsoft.csproj", "{B8B7CC96-4514-4D2E-BE2F-DDE4E3FB5A6E}"
EndProject
Project("{9A19103F-16F7-4668-BE54-9A1E7A4F7556}") = "SharedKernel.Infrastructure.NetJson", "src\Infrastructure.NetJson\SharedKernel.Infrastructure.NetJson.csproj", "{C5433C91-80AF-45D0-81EA-3946F1B4FE8C}"
EndProject
Project("{9A19103F-16F7-4668-BE54-9A1E7A4F7556}") = "SharedKernel.Infrastructure.DotNetDBF", "src\Infrastructure.DotNetDBF\SharedKernel.Infrastructure.DotNetDBF.csproj", "{A11662FA-9EE0-4440-9E64-5C4D8EF4DBD1}"
EndProject
Project("{2150E333-8FDC-42A3-9474-1A3956D46DE8}") = "SharedKernel.Infrastructure.Implementations", "SharedKernel.Infrastructure.Implementations", "{56027E47-1B66-444E-8432-2830BDC94DC7}"
EndProject
Project("{9A19103F-16F7-4668-BE54-9A1E7A4F7556}") = "SharedKernel.Infrastructure.NPOI", "src\Infrastructure.NPOI\SharedKernel.Infrastructure.NPOI.csproj", "{E2D41FE8-9EB8-4787-858D-7D77664E0E0B}"
EndProject
Project("{9A19103F-16F7-4668-BE54-9A1E7A4F7556}") = "SharedKernel.Infrastructure.Dapper", "src\Infrastructure.Dapper\SharedKernel.Infrastructure.Dapper.csproj", "{541ECBB5-F6E2-422B-943B-EADABC5481B7}"
EndProject
Project("{9A19103F-16F7-4668-BE54-9A1E7A4F7556}") = "SharedKernel.Infrastructure.EntityFrameworkCore", "src\Infrastructure.EntityFrameworkCore\SharedKernel.Infrastructure.EntityFrameworkCore.csproj", "{269B62B3-A4EB-4F1B-B91F-1616B810B07E}"
EndProject
Project("{9A19103F-16F7-4668-BE54-9A1E7A4F7556}") = "SharedKernel.Infrastructure.EntityFrameworkCore.PostgreSQL", "src\Infrastructure.EntityFrameworkCore.PostgreSQL\SharedKernel.Infrastructure.EntityFrameworkCore.PostgreSQL.csproj", "{1A9D3FB9-7FD4-486D-BB50-EE8D4C7E2390}"
EndProject
Project("{9A19103F-16F7-4668-BE54-9A1E7A4F7556}") = "SharedKernel.Infrastructure.EntityFrameworkCore.SqlServer", "src\Infrastructure.EntityFrameworkCore.SqlServer\SharedKernel.Infrastructure.EntityFrameworkCore.SqlServer.csproj", "{A2B50BE0-3363-4C34-8A51-0808A9B1D701}"
EndProject
Project("{9A19103F-16F7-4668-BE54-9A1E7A4F7556}") = "SharedKernel.Infrastructure.FluentValidation", "src\Infrastructure.FluentValidation\SharedKernel.Infrastructure.FluentValidation.csproj", "{8D9D32BF-BF89-4A38-8B85-8F8F7D1BDE45}"
EndProject
Project("{FAE04EC0-301F-11D3-BF4B-00C04F79EFBC}") = "BankAccountsFeaturesViewer", "samples\BankAccounts\src\Dev\BankAccounts\BankAccountsFeaturesViewer.csproj", "{80243EB9-4B81-4D86-A135-59FC606F33E3}"
EndProject
Global
	GlobalSection(SolutionConfigurationPlatforms) = preSolution
		Debug|Any CPU = Debug|Any CPU
		Release|Any CPU = Release|Any CPU
	EndGlobalSection
	GlobalSection(ProjectConfigurationPlatforms) = postSolution
		{A52EFD8D-C79D-4416-B9D1-A6408B3B1207}.Debug|Any CPU.ActiveCfg = Debug|Any CPU
		{A52EFD8D-C79D-4416-B9D1-A6408B3B1207}.Debug|Any CPU.Build.0 = Debug|Any CPU
		{A52EFD8D-C79D-4416-B9D1-A6408B3B1207}.Release|Any CPU.ActiveCfg = Release|Any CPU
		{A52EFD8D-C79D-4416-B9D1-A6408B3B1207}.Release|Any CPU.Build.0 = Release|Any CPU
		{942DDCB2-2F2E-46A8-827C-4B0F585032F2}.Debug|Any CPU.ActiveCfg = Debug|Any CPU
		{942DDCB2-2F2E-46A8-827C-4B0F585032F2}.Debug|Any CPU.Build.0 = Debug|Any CPU
		{942DDCB2-2F2E-46A8-827C-4B0F585032F2}.Release|Any CPU.ActiveCfg = Release|Any CPU
		{942DDCB2-2F2E-46A8-827C-4B0F585032F2}.Release|Any CPU.Build.0 = Release|Any CPU
		{235B187E-0E54-4A3C-A52D-F503FBC02856}.Debug|Any CPU.ActiveCfg = Debug|Any CPU
		{235B187E-0E54-4A3C-A52D-F503FBC02856}.Debug|Any CPU.Build.0 = Debug|Any CPU
		{235B187E-0E54-4A3C-A52D-F503FBC02856}.Release|Any CPU.ActiveCfg = Release|Any CPU
		{235B187E-0E54-4A3C-A52D-F503FBC02856}.Release|Any CPU.Build.0 = Release|Any CPU
		{2AFA1B22-DA17-4956-89AF-8DECF8FC7DE4}.Debug|Any CPU.ActiveCfg = Debug|Any CPU
		{2AFA1B22-DA17-4956-89AF-8DECF8FC7DE4}.Debug|Any CPU.Build.0 = Debug|Any CPU
		{2AFA1B22-DA17-4956-89AF-8DECF8FC7DE4}.Release|Any CPU.ActiveCfg = Release|Any CPU
		{2AFA1B22-DA17-4956-89AF-8DECF8FC7DE4}.Release|Any CPU.Build.0 = Release|Any CPU
		{C9E33393-9644-427F-8F99-A353A0166A50}.Debug|Any CPU.ActiveCfg = Debug|Any CPU
		{C9E33393-9644-427F-8F99-A353A0166A50}.Debug|Any CPU.Build.0 = Debug|Any CPU
		{C9E33393-9644-427F-8F99-A353A0166A50}.Release|Any CPU.ActiveCfg = Release|Any CPU
		{C9E33393-9644-427F-8F99-A353A0166A50}.Release|Any CPU.Build.0 = Release|Any CPU
		{B20771D5-CD79-4D37-BBE2-5DDCED05223C}.Debug|Any CPU.ActiveCfg = Debug|Any CPU
		{B20771D5-CD79-4D37-BBE2-5DDCED05223C}.Debug|Any CPU.Build.0 = Debug|Any CPU
		{B20771D5-CD79-4D37-BBE2-5DDCED05223C}.Release|Any CPU.ActiveCfg = Release|Any CPU
		{B20771D5-CD79-4D37-BBE2-5DDCED05223C}.Release|Any CPU.Build.0 = Release|Any CPU
		{051E1F4C-2B92-455E-8562-5A6270ECE802}.Debug|Any CPU.ActiveCfg = Debug|Any CPU
		{051E1F4C-2B92-455E-8562-5A6270ECE802}.Debug|Any CPU.Build.0 = Debug|Any CPU
		{051E1F4C-2B92-455E-8562-5A6270ECE802}.Release|Any CPU.ActiveCfg = Release|Any CPU
		{051E1F4C-2B92-455E-8562-5A6270ECE802}.Release|Any CPU.Build.0 = Release|Any CPU
		{C58DDE26-1B44-4A91-ADF4-2701E6177F9B}.Debug|Any CPU.ActiveCfg = Debug|Any CPU
		{C58DDE26-1B44-4A91-ADF4-2701E6177F9B}.Debug|Any CPU.Build.0 = Debug|Any CPU
		{C58DDE26-1B44-4A91-ADF4-2701E6177F9B}.Release|Any CPU.ActiveCfg = Release|Any CPU
		{C58DDE26-1B44-4A91-ADF4-2701E6177F9B}.Release|Any CPU.Build.0 = Release|Any CPU
		{1BC0486C-5814-4CA9-84E7-800024943C6D}.Debug|Any CPU.ActiveCfg = Debug|Any CPU
		{1BC0486C-5814-4CA9-84E7-800024943C6D}.Debug|Any CPU.Build.0 = Debug|Any CPU
		{1BC0486C-5814-4CA9-84E7-800024943C6D}.Release|Any CPU.ActiveCfg = Release|Any CPU
		{1BC0486C-5814-4CA9-84E7-800024943C6D}.Release|Any CPU.Build.0 = Release|Any CPU
		{F506F875-FD17-4FC0-AA53-9DC22B3F90CE}.Debug|Any CPU.ActiveCfg = Debug|Any CPU
		{F506F875-FD17-4FC0-AA53-9DC22B3F90CE}.Debug|Any CPU.Build.0 = Debug|Any CPU
		{F506F875-FD17-4FC0-AA53-9DC22B3F90CE}.Release|Any CPU.ActiveCfg = Release|Any CPU
		{F506F875-FD17-4FC0-AA53-9DC22B3F90CE}.Release|Any CPU.Build.0 = Release|Any CPU
		{1F5EB668-B694-4840-8EB6-BC519F9D8B9B}.Debug|Any CPU.ActiveCfg = Debug|Any CPU
		{1F5EB668-B694-4840-8EB6-BC519F9D8B9B}.Debug|Any CPU.Build.0 = Debug|Any CPU
		{1F5EB668-B694-4840-8EB6-BC519F9D8B9B}.Release|Any CPU.ActiveCfg = Release|Any CPU
		{1F5EB668-B694-4840-8EB6-BC519F9D8B9B}.Release|Any CPU.Build.0 = Release|Any CPU
		{144E84C4-2C1D-4566-A864-9EAE2CDA21AE}.Debug|Any CPU.ActiveCfg = Debug|Any CPU
		{144E84C4-2C1D-4566-A864-9EAE2CDA21AE}.Debug|Any CPU.Build.0 = Debug|Any CPU
		{144E84C4-2C1D-4566-A864-9EAE2CDA21AE}.Release|Any CPU.ActiveCfg = Release|Any CPU
		{144E84C4-2C1D-4566-A864-9EAE2CDA21AE}.Release|Any CPU.Build.0 = Release|Any CPU
		{C69925A7-2893-427E-963F-CF7270510293}.Debug|Any CPU.ActiveCfg = Debug|Any CPU
		{C69925A7-2893-427E-963F-CF7270510293}.Debug|Any CPU.Build.0 = Debug|Any CPU
		{C69925A7-2893-427E-963F-CF7270510293}.Release|Any CPU.ActiveCfg = Release|Any CPU
		{C69925A7-2893-427E-963F-CF7270510293}.Release|Any CPU.Build.0 = Release|Any CPU
		{D91ABF99-7782-4080-8537-219621D6256B}.Debug|Any CPU.ActiveCfg = Debug|Any CPU
		{D91ABF99-7782-4080-8537-219621D6256B}.Debug|Any CPU.Build.0 = Debug|Any CPU
		{D91ABF99-7782-4080-8537-219621D6256B}.Release|Any CPU.ActiveCfg = Release|Any CPU
		{D91ABF99-7782-4080-8537-219621D6256B}.Release|Any CPU.Build.0 = Release|Any CPU
		{258D2AD8-57DC-432C-BE5E-5524AB6661D2}.Debug|Any CPU.ActiveCfg = Debug|Any CPU
		{258D2AD8-57DC-432C-BE5E-5524AB6661D2}.Debug|Any CPU.Build.0 = Debug|Any CPU
		{258D2AD8-57DC-432C-BE5E-5524AB6661D2}.Release|Any CPU.ActiveCfg = Release|Any CPU
		{258D2AD8-57DC-432C-BE5E-5524AB6661D2}.Release|Any CPU.Build.0 = Release|Any CPU
		{6852ED51-34E0-4CB6-9480-1D156BC7D301}.Debug|Any CPU.ActiveCfg = Debug|Any CPU
		{6852ED51-34E0-4CB6-9480-1D156BC7D301}.Debug|Any CPU.Build.0 = Debug|Any CPU
		{6852ED51-34E0-4CB6-9480-1D156BC7D301}.Release|Any CPU.ActiveCfg = Release|Any CPU
		{6852ED51-34E0-4CB6-9480-1D156BC7D301}.Release|Any CPU.Build.0 = Release|Any CPU
		{529902C5-0A36-4EAF-A65C-3238A8DCECC4}.Debug|Any CPU.ActiveCfg = Debug|Any CPU
		{529902C5-0A36-4EAF-A65C-3238A8DCECC4}.Debug|Any CPU.Build.0 = Debug|Any CPU
		{529902C5-0A36-4EAF-A65C-3238A8DCECC4}.Release|Any CPU.ActiveCfg = Release|Any CPU
		{529902C5-0A36-4EAF-A65C-3238A8DCECC4}.Release|Any CPU.Build.0 = Release|Any CPU
		{E1893180-C247-4BA4-883E-550A2A5ABC8E}.Debug|Any CPU.ActiveCfg = Debug|Any CPU
		{E1893180-C247-4BA4-883E-550A2A5ABC8E}.Debug|Any CPU.Build.0 = Debug|Any CPU
		{E1893180-C247-4BA4-883E-550A2A5ABC8E}.Release|Any CPU.ActiveCfg = Release|Any CPU
		{E1893180-C247-4BA4-883E-550A2A5ABC8E}.Release|Any CPU.Build.0 = Release|Any CPU
		{11B5BFB7-737C-4D68-9404-711A0DD22D06}.Debug|Any CPU.ActiveCfg = Debug|Any CPU
		{11B5BFB7-737C-4D68-9404-711A0DD22D06}.Debug|Any CPU.Build.0 = Debug|Any CPU
		{11B5BFB7-737C-4D68-9404-711A0DD22D06}.Release|Any CPU.ActiveCfg = Release|Any CPU
		{11B5BFB7-737C-4D68-9404-711A0DD22D06}.Release|Any CPU.Build.0 = Release|Any CPU
		{BC1C01B4-7949-4326-BB4F-C3537B094AB1}.Debug|Any CPU.ActiveCfg = Debug|Any CPU
		{BC1C01B4-7949-4326-BB4F-C3537B094AB1}.Debug|Any CPU.Build.0 = Debug|Any CPU
		{BC1C01B4-7949-4326-BB4F-C3537B094AB1}.Release|Any CPU.ActiveCfg = Release|Any CPU
		{BC1C01B4-7949-4326-BB4F-C3537B094AB1}.Release|Any CPU.Build.0 = Release|Any CPU
		{474562F4-ED3B-4D96-AD34-7C8DFB5D0DBD}.Debug|Any CPU.ActiveCfg = Debug|Any CPU
		{474562F4-ED3B-4D96-AD34-7C8DFB5D0DBD}.Debug|Any CPU.Build.0 = Debug|Any CPU
		{474562F4-ED3B-4D96-AD34-7C8DFB5D0DBD}.Release|Any CPU.ActiveCfg = Release|Any CPU
		{474562F4-ED3B-4D96-AD34-7C8DFB5D0DBD}.Release|Any CPU.Build.0 = Release|Any CPU
		{D326684F-7134-4756-97ED-224CE68F3355}.Debug|Any CPU.ActiveCfg = Debug|Any CPU
		{D326684F-7134-4756-97ED-224CE68F3355}.Debug|Any CPU.Build.0 = Debug|Any CPU
		{D326684F-7134-4756-97ED-224CE68F3355}.Release|Any CPU.ActiveCfg = Release|Any CPU
		{D326684F-7134-4756-97ED-224CE68F3355}.Release|Any CPU.Build.0 = Release|Any CPU
		{C54F8A46-A7EA-4A90-8BA3-489B65B90091}.Debug|Any CPU.ActiveCfg = Debug|Any CPU
		{C54F8A46-A7EA-4A90-8BA3-489B65B90091}.Debug|Any CPU.Build.0 = Debug|Any CPU
		{C54F8A46-A7EA-4A90-8BA3-489B65B90091}.Release|Any CPU.ActiveCfg = Release|Any CPU
		{C54F8A46-A7EA-4A90-8BA3-489B65B90091}.Release|Any CPU.Build.0 = Release|Any CPU
		{7E375B43-720E-4C8A-B7CB-D693512F9150}.Debug|Any CPU.ActiveCfg = Debug|Any CPU
		{7E375B43-720E-4C8A-B7CB-D693512F9150}.Debug|Any CPU.Build.0 = Debug|Any CPU
		{7E375B43-720E-4C8A-B7CB-D693512F9150}.Release|Any CPU.ActiveCfg = Release|Any CPU
		{7E375B43-720E-4C8A-B7CB-D693512F9150}.Release|Any CPU.Build.0 = Release|Any CPU
		{A5287878-F217-481D-8C2E-011A962B888E}.Debug|Any CPU.ActiveCfg = Debug|Any CPU
		{A5287878-F217-481D-8C2E-011A962B888E}.Debug|Any CPU.Build.0 = Debug|Any CPU
		{A5287878-F217-481D-8C2E-011A962B888E}.Release|Any CPU.ActiveCfg = Release|Any CPU
		{A5287878-F217-481D-8C2E-011A962B888E}.Release|Any CPU.Build.0 = Release|Any CPU
		{0EE7FDF4-083B-4AB3-A9CC-45144D5EF528}.Debug|Any CPU.ActiveCfg = Debug|Any CPU
		{0EE7FDF4-083B-4AB3-A9CC-45144D5EF528}.Debug|Any CPU.Build.0 = Debug|Any CPU
		{0EE7FDF4-083B-4AB3-A9CC-45144D5EF528}.Release|Any CPU.ActiveCfg = Release|Any CPU
		{0EE7FDF4-083B-4AB3-A9CC-45144D5EF528}.Release|Any CPU.Build.0 = Release|Any CPU
		{B8B7CC96-4514-4D2E-BE2F-DDE4E3FB5A6E}.Debug|Any CPU.ActiveCfg = Debug|Any CPU
		{B8B7CC96-4514-4D2E-BE2F-DDE4E3FB5A6E}.Debug|Any CPU.Build.0 = Debug|Any CPU
		{B8B7CC96-4514-4D2E-BE2F-DDE4E3FB5A6E}.Release|Any CPU.ActiveCfg = Release|Any CPU
		{B8B7CC96-4514-4D2E-BE2F-DDE4E3FB5A6E}.Release|Any CPU.Build.0 = Release|Any CPU
		{C5433C91-80AF-45D0-81EA-3946F1B4FE8C}.Debug|Any CPU.ActiveCfg = Debug|Any CPU
		{C5433C91-80AF-45D0-81EA-3946F1B4FE8C}.Debug|Any CPU.Build.0 = Debug|Any CPU
		{C5433C91-80AF-45D0-81EA-3946F1B4FE8C}.Release|Any CPU.ActiveCfg = Release|Any CPU
		{C5433C91-80AF-45D0-81EA-3946F1B4FE8C}.Release|Any CPU.Build.0 = Release|Any CPU
		{A11662FA-9EE0-4440-9E64-5C4D8EF4DBD1}.Debug|Any CPU.ActiveCfg = Debug|Any CPU
		{A11662FA-9EE0-4440-9E64-5C4D8EF4DBD1}.Debug|Any CPU.Build.0 = Debug|Any CPU
		{A11662FA-9EE0-4440-9E64-5C4D8EF4DBD1}.Release|Any CPU.ActiveCfg = Release|Any CPU
		{A11662FA-9EE0-4440-9E64-5C4D8EF4DBD1}.Release|Any CPU.Build.0 = Release|Any CPU
		{E2D41FE8-9EB8-4787-858D-7D77664E0E0B}.Debug|Any CPU.ActiveCfg = Debug|Any CPU
		{E2D41FE8-9EB8-4787-858D-7D77664E0E0B}.Debug|Any CPU.Build.0 = Debug|Any CPU
		{E2D41FE8-9EB8-4787-858D-7D77664E0E0B}.Release|Any CPU.ActiveCfg = Release|Any CPU
		{E2D41FE8-9EB8-4787-858D-7D77664E0E0B}.Release|Any CPU.Build.0 = Release|Any CPU
		{541ECBB5-F6E2-422B-943B-EADABC5481B7}.Debug|Any CPU.ActiveCfg = Debug|Any CPU
		{541ECBB5-F6E2-422B-943B-EADABC5481B7}.Debug|Any CPU.Build.0 = Debug|Any CPU
		{541ECBB5-F6E2-422B-943B-EADABC5481B7}.Release|Any CPU.ActiveCfg = Release|Any CPU
		{541ECBB5-F6E2-422B-943B-EADABC5481B7}.Release|Any CPU.Build.0 = Release|Any CPU
		{269B62B3-A4EB-4F1B-B91F-1616B810B07E}.Debug|Any CPU.ActiveCfg = Debug|Any CPU
		{269B62B3-A4EB-4F1B-B91F-1616B810B07E}.Debug|Any CPU.Build.0 = Debug|Any CPU
		{269B62B3-A4EB-4F1B-B91F-1616B810B07E}.Release|Any CPU.ActiveCfg = Release|Any CPU
		{269B62B3-A4EB-4F1B-B91F-1616B810B07E}.Release|Any CPU.Build.0 = Release|Any CPU
		{1A9D3FB9-7FD4-486D-BB50-EE8D4C7E2390}.Debug|Any CPU.ActiveCfg = Debug|Any CPU
		{1A9D3FB9-7FD4-486D-BB50-EE8D4C7E2390}.Debug|Any CPU.Build.0 = Debug|Any CPU
		{1A9D3FB9-7FD4-486D-BB50-EE8D4C7E2390}.Release|Any CPU.ActiveCfg = Release|Any CPU
		{1A9D3FB9-7FD4-486D-BB50-EE8D4C7E2390}.Release|Any CPU.Build.0 = Release|Any CPU
		{A2B50BE0-3363-4C34-8A51-0808A9B1D701}.Debug|Any CPU.ActiveCfg = Debug|Any CPU
		{A2B50BE0-3363-4C34-8A51-0808A9B1D701}.Debug|Any CPU.Build.0 = Debug|Any CPU
		{A2B50BE0-3363-4C34-8A51-0808A9B1D701}.Release|Any CPU.ActiveCfg = Release|Any CPU
		{A2B50BE0-3363-4C34-8A51-0808A9B1D701}.Release|Any CPU.Build.0 = Release|Any CPU
		{8D9D32BF-BF89-4A38-8B85-8F8F7D1BDE45}.Debug|Any CPU.ActiveCfg = Debug|Any CPU
		{8D9D32BF-BF89-4A38-8B85-8F8F7D1BDE45}.Debug|Any CPU.Build.0 = Debug|Any CPU
		{8D9D32BF-BF89-4A38-8B85-8F8F7D1BDE45}.Release|Any CPU.ActiveCfg = Release|Any CPU
		{8D9D32BF-BF89-4A38-8B85-8F8F7D1BDE45}.Release|Any CPU.Build.0 = Release|Any CPU
		{80243EB9-4B81-4D86-A135-59FC606F33E3}.Debug|Any CPU.ActiveCfg = Debug|Any CPU
		{80243EB9-4B81-4D86-A135-59FC606F33E3}.Debug|Any CPU.Build.0 = Debug|Any CPU
		{80243EB9-4B81-4D86-A135-59FC606F33E3}.Release|Any CPU.ActiveCfg = Release|Any CPU
		{80243EB9-4B81-4D86-A135-59FC606F33E3}.Release|Any CPU.Build.0 = Release|Any CPU
	EndGlobalSection
	GlobalSection(SolutionProperties) = preSolution
		HideSolutionNode = FALSE
	EndGlobalSection
	GlobalSection(NestedProjects) = preSolution
		{A52EFD8D-C79D-4416-B9D1-A6408B3B1207} = {9FF73358-40B0-4081-A499-4351F71833C3}
		{942DDCB2-2F2E-46A8-827C-4B0F585032F2} = {9FF73358-40B0-4081-A499-4351F71833C3}
		{235B187E-0E54-4A3C-A52D-F503FBC02856} = {9FF73358-40B0-4081-A499-4351F71833C3}
		{2AFA1B22-DA17-4956-89AF-8DECF8FC7DE4} = {9FF73358-40B0-4081-A499-4351F71833C3}
		{C9E33393-9644-427F-8F99-A353A0166A50} = {9FF73358-40B0-4081-A499-4351F71833C3}
		{B20771D5-CD79-4D37-BBE2-5DDCED05223C} = {35E22E6B-BA49-41BA-88C4-E2E04BB7F9E1}
		{051E1F4C-2B92-455E-8562-5A6270ECE802} = {35E22E6B-BA49-41BA-88C4-E2E04BB7F9E1}
		{232B36AD-6290-466E-A96B-932E3F1EB3FA} = {5F711220-F1FD-4AE1-B001-CDF06867A519}
		{EE9B9492-1627-4F9A-98CB-B308C0F6B50C} = {5F711220-F1FD-4AE1-B001-CDF06867A519}
		{C58DDE26-1B44-4A91-ADF4-2701E6177F9B} = {232B36AD-6290-466E-A96B-932E3F1EB3FA}
		{1BC0486C-5814-4CA9-84E7-800024943C6D} = {232B36AD-6290-466E-A96B-932E3F1EB3FA}
		{F506F875-FD17-4FC0-AA53-9DC22B3F90CE} = {232B36AD-6290-466E-A96B-932E3F1EB3FA}
		{1F5EB668-B694-4840-8EB6-BC519F9D8B9B} = {232B36AD-6290-466E-A96B-932E3F1EB3FA}
		{144E84C4-2C1D-4566-A864-9EAE2CDA21AE} = {EE9B9492-1627-4F9A-98CB-B308C0F6B50C}
		{C69925A7-2893-427E-963F-CF7270510293} = {EE9B9492-1627-4F9A-98CB-B308C0F6B50C}
		{D91ABF99-7782-4080-8537-219621D6256B} = {EE9B9492-1627-4F9A-98CB-B308C0F6B50C}
		{258D2AD8-57DC-432C-BE5E-5524AB6661D2} = {35E22E6B-BA49-41BA-88C4-E2E04BB7F9E1}
		{6852ED51-34E0-4CB6-9480-1D156BC7D301} = {9FF73358-40B0-4081-A499-4351F71833C3}
		{E1893180-C247-4BA4-883E-550A2A5ABC8E} = {56027E47-1B66-444E-8432-2830BDC94DC7}
		{11B5BFB7-737C-4D68-9404-711A0DD22D06} = {56027E47-1B66-444E-8432-2830BDC94DC7}
		{BC1C01B4-7949-4326-BB4F-C3537B094AB1} = {56027E47-1B66-444E-8432-2830BDC94DC7}
		{474562F4-ED3B-4D96-AD34-7C8DFB5D0DBD} = {56027E47-1B66-444E-8432-2830BDC94DC7}
		{D326684F-7134-4756-97ED-224CE68F3355} = {56027E47-1B66-444E-8432-2830BDC94DC7}
		{C54F8A46-A7EA-4A90-8BA3-489B65B90091} = {56027E47-1B66-444E-8432-2830BDC94DC7}
		{7E375B43-720E-4C8A-B7CB-D693512F9150} = {56027E47-1B66-444E-8432-2830BDC94DC7}
		{A5287878-F217-481D-8C2E-011A962B888E} = {56027E47-1B66-444E-8432-2830BDC94DC7}
		{0EE7FDF4-083B-4AB3-A9CC-45144D5EF528} = {56027E47-1B66-444E-8432-2830BDC94DC7}
		{B8B7CC96-4514-4D2E-BE2F-DDE4E3FB5A6E} = {56027E47-1B66-444E-8432-2830BDC94DC7}
		{C5433C91-80AF-45D0-81EA-3946F1B4FE8C} = {56027E47-1B66-444E-8432-2830BDC94DC7}
		{A11662FA-9EE0-4440-9E64-5C4D8EF4DBD1} = {56027E47-1B66-444E-8432-2830BDC94DC7}
		{56027E47-1B66-444E-8432-2830BDC94DC7} = {9FF73358-40B0-4081-A499-4351F71833C3}
		{E2D41FE8-9EB8-4787-858D-7D77664E0E0B} = {56027E47-1B66-444E-8432-2830BDC94DC7}
		{541ECBB5-F6E2-422B-943B-EADABC5481B7} = {56027E47-1B66-444E-8432-2830BDC94DC7}
		{269B62B3-A4EB-4F1B-B91F-1616B810B07E} = {56027E47-1B66-444E-8432-2830BDC94DC7}
		{1A9D3FB9-7FD4-486D-BB50-EE8D4C7E2390} = {56027E47-1B66-444E-8432-2830BDC94DC7}
		{A2B50BE0-3363-4C34-8A51-0808A9B1D701} = {56027E47-1B66-444E-8432-2830BDC94DC7}
		{8D9D32BF-BF89-4A38-8B85-8F8F7D1BDE45} = {56027E47-1B66-444E-8432-2830BDC94DC7}
		{80243EB9-4B81-4D86-A135-59FC606F33E3} = {232B36AD-6290-466E-A96B-932E3F1EB3FA}
	EndGlobalSection
	GlobalSection(ExtensibilityGlobals) = postSolution
		SolutionGuid = {183949C1-7C05-4737-ABC0-7511F5A7447A}
	EndGlobalSection
EndGlobal
