
Microsoft Visual Studio Solution File, Format Version 12.00
# Visual Studio Version 17
VisualStudioVersion = 17.5.33502.453
MinimumVisualStudioVersion = 10.0.40219.1
Project("{9A19103F-16F7-4668-BE54-9A1E7A4F7556}") = "SharedKernel.Domain", "src\Domain\SharedKernel.Domain.csproj", "{A52EFD8D-C79D-4416-B9D1-A6408B3B1207}"
EndProject
Project("{9A19103F-16F7-4668-BE54-9A1E7A4F7556}") = "SharedKernel.Application", "src\Application\SharedKernel.Application.csproj", "{942DDCB2-2F2E-46A8-827C-4B0F585032F2}"
EndProject
Project("{9A19103F-16F7-4668-BE54-9A1E7A4F7556}") = "SharedKernel.Infrastructure", "src\Infrastructure\SharedKernel.Infrastructure.csproj", "{235B187E-0E54-4A3C-A52D-F503FBC02856}"
EndProject
Project("{2150E333-8FDC-42A3-9474-1A3956D46DE8}") = "src", "src", "{9FF73358-40B0-4081-A499-4351F71833C3}"
EndProject
Project("{2150E333-8FDC-42A3-9474-1A3956D46DE8}") = "tests", "tests", "{D305A245-5E12-41D1-AD64-E2485946FB75}"
EndProject
Project("{9A19103F-16F7-4668-BE54-9A1E7A4F7556}") = "SharedKernel.Domain.Tests", "test\Domain\SharedKernel.Domain.Tests.csproj", "{35E9E0F7-E2ED-4402-A0B7-3B3A5D777F5F}"
EndProject
Project("{9A19103F-16F7-4668-BE54-9A1E7A4F7556}") = "SharedKernel.Application.Tests", "test\Application\SharedKernel.Application.Tests.csproj", "{B984D663-C6E3-4635-96C5-66774BA04E4B}"
EndProject
Project("{9A19103F-16F7-4668-BE54-9A1E7A4F7556}") = "SharedKernel.Api", "src\Api\SharedKernel.Api.csproj", "{2AFA1B22-DA17-4956-89AF-8DECF8FC7DE4}"
EndProject
Project("{9A19103F-16F7-4668-BE54-9A1E7A4F7556}") = "SharedKernel.Api.Gateway", "src\Api.Gateway\SharedKernel.Api.Gateway.csproj", "{C9E33393-9644-427F-8F99-A353A0166A50}"
EndProject
Project("{2150E333-8FDC-42A3-9474-1A3956D46DE8}") = "samples", "samples", "{06617820-D933-4992-9611-0B62740DDC33}"
EndProject
Project("{9A19103F-16F7-4668-BE54-9A1E7A4F7556}") = "BankAccounts.Domain", "samples\BankAccounts\src\Domain\BankAccounts.Domain\BankAccounts.Domain.csproj", "{7A5CC384-6377-4FAA-B4A3-36F3674D41E2}"
EndProject
Project("{2150E333-8FDC-42A3-9474-1A3956D46DE8}") = "BankAccounts", "BankAccounts", "{9C8A0E7A-39E2-4004-9954-7416822FA9A2}"
EndProject
Project("{2150E333-8FDC-42A3-9474-1A3956D46DE8}") = "src", "src", "{26F67942-2DC4-4F04-9821-5D9689B1326C}"
EndProject
Project("{2150E333-8FDC-42A3-9474-1A3956D46DE8}") = "tests", "tests", "{873B33B1-770A-4C7F-93BD-C56C67DB43B0}"
EndProject
Project("{9A19103F-16F7-4668-BE54-9A1E7A4F7556}") = "BankAccounts.Application", "samples\BankAccounts\src\Application\BankAccounts.Application\BankAccounts.Application.csproj", "{1D7DBD19-5FA7-4209-B744-92D79C360A01}"
EndProject
Project("{9A19103F-16F7-4668-BE54-9A1E7A4F7556}") = "BankAccounts.Infrastructure", "samples\BankAccounts\src\Infrastructure\BankAccounts.Infrastructure\BankAccounts.Infrastructure.csproj", "{9BA86215-286E-4868-BA80-BAACDC113E22}"
EndProject
Project("{9A19103F-16F7-4668-BE54-9A1E7A4F7556}") = "BankAccounts.Api", "samples\BankAccounts\src\Api\BankAccounts.Api\BankAccounts.Api.csproj", "{39FF9C10-6073-4D50-9A9D-41E71BC54095}"
EndProject
Project("{9A19103F-16F7-4668-BE54-9A1E7A4F7556}") = "BankAccounts.UseCases.Tests", "samples\BankAccounts\tests\BankAccounts.UseCases.Tests\BankAccounts.UseCases.Tests.csproj", "{D13EF32B-F298-43D6-98E0-F1F4B57F7DD7}"
EndProject
Project("{9A19103F-16F7-4668-BE54-9A1E7A4F7556}") = "BankAccounts.Acceptance.Tests", "samples\BankAccounts\tests\BankAccounts.Acceptance.Tests\BankAccounts.Acceptance.Tests.csproj", "{6CC89F1F-250C-46A7-A31D-C223D1C60AAA}"
EndProject
Project("{9A19103F-16F7-4668-BE54-9A1E7A4F7556}") = "BankAccounts.Domain.Tests", "samples\BankAccounts\tests\BankAccounts.Domain.UnitTests\BankAccounts.Domain.Tests.csproj", "{4050086F-00C6-4E84-86C6-73069E833AA8}"
EndProject
Global
	GlobalSection(SolutionConfigurationPlatforms) = preSolution
		Debug|Any CPU = Debug|Any CPU
		Release|Any CPU = Release|Any CPU
	EndGlobalSection
	GlobalSection(ProjectConfigurationPlatforms) = postSolution
		{A52EFD8D-C79D-4416-B9D1-A6408B3B1207}.Debug|Any CPU.ActiveCfg = Debug|Any CPU
		{A52EFD8D-C79D-4416-B9D1-A6408B3B1207}.Debug|Any CPU.Build.0 = Debug|Any CPU
		{A52EFD8D-C79D-4416-B9D1-A6408B3B1207}.Release|Any CPU.ActiveCfg = Release|Any CPU
		{A52EFD8D-C79D-4416-B9D1-A6408B3B1207}.Release|Any CPU.Build.0 = Release|Any CPU
		{942DDCB2-2F2E-46A8-827C-4B0F585032F2}.Debug|Any CPU.ActiveCfg = Debug|Any CPU
		{942DDCB2-2F2E-46A8-827C-4B0F585032F2}.Debug|Any CPU.Build.0 = Debug|Any CPU
		{942DDCB2-2F2E-46A8-827C-4B0F585032F2}.Release|Any CPU.ActiveCfg = Release|Any CPU
		{942DDCB2-2F2E-46A8-827C-4B0F585032F2}.Release|Any CPU.Build.0 = Release|Any CPU
		{235B187E-0E54-4A3C-A52D-F503FBC02856}.Debug|Any CPU.ActiveCfg = Debug|Any CPU
		{235B187E-0E54-4A3C-A52D-F503FBC02856}.Debug|Any CPU.Build.0 = Debug|Any CPU
		{235B187E-0E54-4A3C-A52D-F503FBC02856}.Release|Any CPU.ActiveCfg = Release|Any CPU
		{235B187E-0E54-4A3C-A52D-F503FBC02856}.Release|Any CPU.Build.0 = Release|Any CPU
		{35E9E0F7-E2ED-4402-A0B7-3B3A5D777F5F}.Debug|Any CPU.ActiveCfg = Debug|Any CPU
		{35E9E0F7-E2ED-4402-A0B7-3B3A5D777F5F}.Debug|Any CPU.Build.0 = Debug|Any CPU
		{35E9E0F7-E2ED-4402-A0B7-3B3A5D777F5F}.Release|Any CPU.ActiveCfg = Release|Any CPU
		{35E9E0F7-E2ED-4402-A0B7-3B3A5D777F5F}.Release|Any CPU.Build.0 = Release|Any CPU
		{B984D663-C6E3-4635-96C5-66774BA04E4B}.Debug|Any CPU.ActiveCfg = Debug|Any CPU
		{B984D663-C6E3-4635-96C5-66774BA04E4B}.Debug|Any CPU.Build.0 = Debug|Any CPU
		{B984D663-C6E3-4635-96C5-66774BA04E4B}.Release|Any CPU.ActiveCfg = Release|Any CPU
		{B984D663-C6E3-4635-96C5-66774BA04E4B}.Release|Any CPU.Build.0 = Release|Any CPU
		{2AFA1B22-DA17-4956-89AF-8DECF8FC7DE4}.Debug|Any CPU.ActiveCfg = Debug|Any CPU
		{2AFA1B22-DA17-4956-89AF-8DECF8FC7DE4}.Debug|Any CPU.Build.0 = Debug|Any CPU
		{2AFA1B22-DA17-4956-89AF-8DECF8FC7DE4}.Release|Any CPU.ActiveCfg = Release|Any CPU
		{2AFA1B22-DA17-4956-89AF-8DECF8FC7DE4}.Release|Any CPU.Build.0 = Release|Any CPU
		{C9E33393-9644-427F-8F99-A353A0166A50}.Debug|Any CPU.ActiveCfg = Debug|Any CPU
		{C9E33393-9644-427F-8F99-A353A0166A50}.Debug|Any CPU.Build.0 = Debug|Any CPU
		{C9E33393-9644-427F-8F99-A353A0166A50}.Release|Any CPU.ActiveCfg = Release|Any CPU
		{C9E33393-9644-427F-8F99-A353A0166A50}.Release|Any CPU.Build.0 = Release|Any CPU
		{7A5CC384-6377-4FAA-B4A3-36F3674D41E2}.Debug|Any CPU.ActiveCfg = Debug|Any CPU
		{7A5CC384-6377-4FAA-B4A3-36F3674D41E2}.Debug|Any CPU.Build.0 = Debug|Any CPU
		{7A5CC384-6377-4FAA-B4A3-36F3674D41E2}.Release|Any CPU.ActiveCfg = Release|Any CPU
		{7A5CC384-6377-4FAA-B4A3-36F3674D41E2}.Release|Any CPU.Build.0 = Release|Any CPU
		{1D7DBD19-5FA7-4209-B744-92D79C360A01}.Debug|Any CPU.ActiveCfg = Debug|Any CPU
		{1D7DBD19-5FA7-4209-B744-92D79C360A01}.Debug|Any CPU.Build.0 = Debug|Any CPU
		{1D7DBD19-5FA7-4209-B744-92D79C360A01}.Release|Any CPU.ActiveCfg = Release|Any CPU
		{1D7DBD19-5FA7-4209-B744-92D79C360A01}.Release|Any CPU.Build.0 = Release|Any CPU
		{9BA86215-286E-4868-BA80-BAACDC113E22}.Debug|Any CPU.ActiveCfg = Debug|Any CPU
		{9BA86215-286E-4868-BA80-BAACDC113E22}.Debug|Any CPU.Build.0 = Debug|Any CPU
		{9BA86215-286E-4868-BA80-BAACDC113E22}.Release|Any CPU.ActiveCfg = Release|Any CPU
		{9BA86215-286E-4868-BA80-BAACDC113E22}.Release|Any CPU.Build.0 = Release|Any CPU
		{39FF9C10-6073-4D50-9A9D-41E71BC54095}.Debug|Any CPU.ActiveCfg = Debug|Any CPU
		{39FF9C10-6073-4D50-9A9D-41E71BC54095}.Debug|Any CPU.Build.0 = Debug|Any CPU
		{39FF9C10-6073-4D50-9A9D-41E71BC54095}.Release|Any CPU.ActiveCfg = Release|Any CPU
		{39FF9C10-6073-4D50-9A9D-41E71BC54095}.Release|Any CPU.Build.0 = Release|Any CPU
		{D13EF32B-F298-43D6-98E0-F1F4B57F7DD7}.Debug|Any CPU.ActiveCfg = Debug|Any CPU
		{D13EF32B-F298-43D6-98E0-F1F4B57F7DD7}.Debug|Any CPU.Build.0 = Debug|Any CPU
		{D13EF32B-F298-43D6-98E0-F1F4B57F7DD7}.Release|Any CPU.ActiveCfg = Release|Any CPU
		{D13EF32B-F298-43D6-98E0-F1F4B57F7DD7}.Release|Any CPU.Build.0 = Release|Any CPU
		{6CC89F1F-250C-46A7-A31D-C223D1C60AAA}.Debug|Any CPU.ActiveCfg = Debug|Any CPU
		{6CC89F1F-250C-46A7-A31D-C223D1C60AAA}.Debug|Any CPU.Build.0 = Debug|Any CPU
		{6CC89F1F-250C-46A7-A31D-C223D1C60AAA}.Release|Any CPU.ActiveCfg = Release|Any CPU
		{6CC89F1F-250C-46A7-A31D-C223D1C60AAA}.Release|Any CPU.Build.0 = Release|Any CPU
		{4050086F-00C6-4E84-86C6-73069E833AA8}.Debug|Any CPU.ActiveCfg = Debug|Any CPU
		{4050086F-00C6-4E84-86C6-73069E833AA8}.Debug|Any CPU.Build.0 = Debug|Any CPU
		{4050086F-00C6-4E84-86C6-73069E833AA8}.Release|Any CPU.ActiveCfg = Release|Any CPU
		{4050086F-00C6-4E84-86C6-73069E833AA8}.Release|Any CPU.Build.0 = Release|Any CPU
	EndGlobalSection
	GlobalSection(SolutionProperties) = preSolution
		HideSolutionNode = FALSE
	EndGlobalSection
	GlobalSection(NestedProjects) = preSolution
		{A52EFD8D-C79D-4416-B9D1-A6408B3B1207} = {9FF73358-40B0-4081-A499-4351F71833C3}
		{942DDCB2-2F2E-46A8-827C-4B0F585032F2} = {9FF73358-40B0-4081-A499-4351F71833C3}
		{235B187E-0E54-4A3C-A52D-F503FBC02856} = {9FF73358-40B0-4081-A499-4351F71833C3}
		{35E9E0F7-E2ED-4402-A0B7-3B3A5D777F5F} = {D305A245-5E12-41D1-AD64-E2485946FB75}
		{B984D663-C6E3-4635-96C5-66774BA04E4B} = {D305A245-5E12-41D1-AD64-E2485946FB75}
		{2AFA1B22-DA17-4956-89AF-8DECF8FC7DE4} = {9FF73358-40B0-4081-A499-4351F71833C3}
		{C9E33393-9644-427F-8F99-A353A0166A50} = {9FF73358-40B0-4081-A499-4351F71833C3}
		{7A5CC384-6377-4FAA-B4A3-36F3674D41E2} = {26F67942-2DC4-4F04-9821-5D9689B1326C}
		{9C8A0E7A-39E2-4004-9954-7416822FA9A2} = {06617820-D933-4992-9611-0B62740DDC33}
		{26F67942-2DC4-4F04-9821-5D9689B1326C} = {9C8A0E7A-39E2-4004-9954-7416822FA9A2}
		{873B33B1-770A-4C7F-93BD-C56C67DB43B0} = {9C8A0E7A-39E2-4004-9954-7416822FA9A2}
		{1D7DBD19-5FA7-4209-B744-92D79C360A01} = {26F67942-2DC4-4F04-9821-5D9689B1326C}
		{9BA86215-286E-4868-BA80-BAACDC113E22} = {26F67942-2DC4-4F04-9821-5D9689B1326C}
		{39FF9C10-6073-4D50-9A9D-41E71BC54095} = {26F67942-2DC4-4F04-9821-5D9689B1326C}
		{D13EF32B-F298-43D6-98E0-F1F4B57F7DD7} = {873B33B1-770A-4C7F-93BD-C56C67DB43B0}
		{6CC89F1F-250C-46A7-A31D-C223D1C60AAA} = {873B33B1-770A-4C7F-93BD-C56C67DB43B0}
		{4050086F-00C6-4E84-86C6-73069E833AA8} = {873B33B1-770A-4C7F-93BD-C56C67DB43B0}
	EndGlobalSection
	GlobalSection(ExtensibilityGlobals) = postSolution
		SolutionGuid = {183949C1-7C05-4737-ABC0-7511F5A7447A}
	EndGlobalSection
EndGlobal
